
Microsoft Visual Studio Solution File, Format Version 12.00
# Visual Studio 14
VisualStudioVersion = 14.0.24720.0
MinimumVisualStudioVersion = 10.0.40219.1
Project("{FAE04EC0-301F-11D3-BF4B-00C04F79EFBC}") = "LinqSalesStudent", "LinqSalesStudent\LinqSalesStudent.csproj", "{0FB1EB1D-46A4-43A1-8E92-40642FB30FA1}"
EndProject
Project("{FAE04EC0-301F-11D3-BF4B-00C04F79EFBC}") = "LinqSalesGrader", "LinqSalesGrader\LinqSalesGrader.csproj", "{BAB86F8D-5F64-4546-9E2E-49E57F8A752D}"
EndProject
Project("{FAE04EC0-301F-11D3-BF4B-00C04F79EFBC}") = "LinqSalesProjectGrader2", "LinqSalesGrader2\LinqSalesProjectGrader2.csproj", "{9B8A02CE-2C70-47BE-BE52-C80CD501E040}"
EndProject
Global
	GlobalSection(SolutionConfigurationPlatforms) = preSolution
		Debug|Any CPU = Debug|Any CPU
		Release|Any CPU = Release|Any CPU
	EndGlobalSection
	GlobalSection(ProjectConfigurationPlatforms) = postSolution
		{0FB1EB1D-46A4-43A1-8E92-40642FB30FA1}.Debug|Any CPU.ActiveCfg = Debug|Any CPU
		{0FB1EB1D-46A4-43A1-8E92-40642FB30FA1}.Debug|Any CPU.Build.0 = Debug|Any CPU
		{0FB1EB1D-46A4-43A1-8E92-40642FB30FA1}.Release|Any CPU.ActiveCfg = Release|Any CPU
		{0FB1EB1D-46A4-43A1-8E92-40642FB30FA1}.Release|Any CPU.Build.0 = Release|Any CPU
		{BAB86F8D-5F64-4546-9E2E-49E57F8A752D}.Debug|Any CPU.ActiveCfg = Debug|Any CPU
		{BAB86F8D-5F64-4546-9E2E-49E57F8A752D}.Debug|Any CPU.Build.0 = Debug|Any CPU
		{BAB86F8D-5F64-4546-9E2E-49E57F8A752D}.Release|Any CPU.ActiveCfg = Release|Any CPU
		{BAB86F8D-5F64-4546-9E2E-49E57F8A752D}.Release|Any CPU.Build.0 = Release|Any CPU
		{9B8A02CE-2C70-47BE-BE52-C80CD501E040}.Debug|Any CPU.ActiveCfg = Debug|Any CPU
		{9B8A02CE-2C70-47BE-BE52-C80CD501E040}.Debug|Any CPU.Build.0 = Debug|Any CPU
		{9B8A02CE-2C70-47BE-BE52-C80CD501E040}.Release|Any CPU.ActiveCfg = Release|Any CPU
		{9B8A02CE-2C70-47BE-BE52-C80CD501E040}.Release|Any CPU.Build.0 = Release|Any CPU
	EndGlobalSection
	GlobalSection(SolutionProperties) = preSolution
		HideSolutionNode = FALSE
	EndGlobalSection
EndGlobal
